
Microsoft Visual Studio Solution File, Format Version 12.00
# Visual Studio Version 16
VisualStudioVersion = 16.0.30204.135
MinimumVisualStudioVersion = 10.0.40219.1
Project("{FAE04EC0-301F-11D3-BF4B-00C04F79EFBC}") = "Exec_2", "Exec_2\Exec_2.csproj", "{11D27CCC-1817-48B5-B928-E23939C75E47}"
EndProject
Global
	GlobalSection(SolutionConfigurationPlatforms) = preSolution
		Debug|Any CPU = Debug|Any CPU
		Release|Any CPU = Release|Any CPU
	EndGlobalSection
	GlobalSection(ProjectConfigurationPlatforms) = postSolution
		{11D27CCC-1817-48B5-B928-E23939C75E47}.Debug|Any CPU.ActiveCfg = Debug|Any CPU
		{11D27CCC-1817-48B5-B928-E23939C75E47}.Debug|Any CPU.Build.0 = Debug|Any CPU
		{11D27CCC-1817-48B5-B928-E23939C75E47}.Release|Any CPU.ActiveCfg = Release|Any CPU
		{11D27CCC-1817-48B5-B928-E23939C75E47}.Release|Any CPU.Build.0 = Release|Any CPU
	EndGlobalSection
	GlobalSection(SolutionProperties) = preSolution
		HideSolutionNode = FALSE
	EndGlobalSection
	GlobalSection(ExtensibilityGlobals) = postSolution
		SolutionGuid = {C460B2B4-3A0F-4475-998B-11890AA5F4E6}
	EndGlobalSection
EndGlobal
