
Microsoft Visual Studio Solution File, Format Version 12.00
# Visual Studio Version 16
VisualStudioVersion = 16.0.30204.135
MinimumVisualStudioVersion = 10.0.40219.1
Project("{FAE04EC0-301F-11D3-BF4B-00C04F79EFBC}") = "Fixacao", "Fixacao\Fixacao.csproj", "{DFC25887-32DE-4C80-85EE-5F20A629B5FD}"
EndProject
Global
	GlobalSection(SolutionConfigurationPlatforms) = preSolution
		Debug|Any CPU = Debug|Any CPU
		Release|Any CPU = Release|Any CPU
	EndGlobalSection
	GlobalSection(ProjectConfigurationPlatforms) = postSolution
		{DFC25887-32DE-4C80-85EE-5F20A629B5FD}.Debug|Any CPU.ActiveCfg = Debug|Any CPU
		{DFC25887-32DE-4C80-85EE-5F20A629B5FD}.Debug|Any CPU.Build.0 = Debug|Any CPU
		{DFC25887-32DE-4C80-85EE-5F20A629B5FD}.Release|Any CPU.ActiveCfg = Release|Any CPU
		{DFC25887-32DE-4C80-85EE-5F20A629B5FD}.Release|Any CPU.Build.0 = Release|Any CPU
	EndGlobalSection
	GlobalSection(SolutionProperties) = preSolution
		HideSolutionNode = FALSE
	EndGlobalSection
	GlobalSection(ExtensibilityGlobals) = postSolution
		SolutionGuid = {81BE41F3-4C63-4219-831F-A7A4D2A6D022}
	EndGlobalSection
EndGlobal
