
Microsoft Visual Studio Solution File, Format Version 12.00
# Visual Studio Version 16
VisualStudioVersion = 16.0.31702.278
MinimumVisualStudioVersion = 10.0.40219.1
Project("{FAE04EC0-301F-11D3-BF4B-00C04F79EFBC}") = "Exec_Resolvido_1", "Exec_Resolvido_1\Exec_Resolvido_1.csproj", "{FCDC41B1-2CAA-4CC6-9A74-926ECF6DC531}"
EndProject
Global
	GlobalSection(SolutionConfigurationPlatforms) = preSolution
		Debug|Any CPU = Debug|Any CPU
		Release|Any CPU = Release|Any CPU
	EndGlobalSection
	GlobalSection(ProjectConfigurationPlatforms) = postSolution
		{FCDC41B1-2CAA-4CC6-9A74-926ECF6DC531}.Debug|Any CPU.ActiveCfg = Debug|Any CPU
		{FCDC41B1-2CAA-4CC6-9A74-926ECF6DC531}.Debug|Any CPU.Build.0 = Debug|Any CPU
		{FCDC41B1-2CAA-4CC6-9A74-926ECF6DC531}.Release|Any CPU.ActiveCfg = Release|Any CPU
		{FCDC41B1-2CAA-4CC6-9A74-926ECF6DC531}.Release|Any CPU.Build.0 = Release|Any CPU
	EndGlobalSection
	GlobalSection(SolutionProperties) = preSolution
		HideSolutionNode = FALSE
	EndGlobalSection
	GlobalSection(ExtensibilityGlobals) = postSolution
		SolutionGuid = {1B7065EA-3D0C-466D-B0AE-2095070F027A}
	EndGlobalSection
EndGlobal
