
Microsoft Visual Studio Solution File, Format Version 12.00
# Visual Studio Version 16
VisualStudioVersion = 16.0.30204.135
MinimumVisualStudioVersion = 10.0.40219.1
Project("{FAE04EC0-301F-11D3-BF4B-00C04F79EFBC}") = "Exec_7", "Exec_7\Exec_7.csproj", "{80828750-DB21-4984-84B6-ECC7DC4A56E3}"
EndProject
Global
	GlobalSection(SolutionConfigurationPlatforms) = preSolution
		Debug|Any CPU = Debug|Any CPU
		Release|Any CPU = Release|Any CPU
	EndGlobalSection
	GlobalSection(ProjectConfigurationPlatforms) = postSolution
		{80828750-DB21-4984-84B6-ECC7DC4A56E3}.Debug|Any CPU.ActiveCfg = Debug|Any CPU
		{80828750-DB21-4984-84B6-ECC7DC4A56E3}.Debug|Any CPU.Build.0 = Debug|Any CPU
		{80828750-DB21-4984-84B6-ECC7DC4A56E3}.Release|Any CPU.ActiveCfg = Release|Any CPU
		{80828750-DB21-4984-84B6-ECC7DC4A56E3}.Release|Any CPU.Build.0 = Release|Any CPU
	EndGlobalSection
	GlobalSection(SolutionProperties) = preSolution
		HideSolutionNode = FALSE
	EndGlobalSection
	GlobalSection(ExtensibilityGlobals) = postSolution
		SolutionGuid = {435BDF92-4FFF-4AC9-AE0F-E0C588A1D353}
	EndGlobalSection
EndGlobal
