
Microsoft Visual Studio Solution File, Format Version 12.00
# Visual Studio Version 16
VisualStudioVersion = 16.0.30717.126
MinimumVisualStudioVersion = 10.0.40219.1
Project("{FAE04EC0-301F-11D3-BF4B-00C04F79EFBC}") = "EXEC_LISTA", "EXEC_LISTA\EXEC_LISTA.csproj", "{590AA6C6-AE31-4426-BBEC-8E5E1D61473F}"
EndProject
Global
	GlobalSection(SolutionConfigurationPlatforms) = preSolution
		Debug|Any CPU = Debug|Any CPU
		Release|Any CPU = Release|Any CPU
	EndGlobalSection
	GlobalSection(ProjectConfigurationPlatforms) = postSolution
		{590AA6C6-AE31-4426-BBEC-8E5E1D61473F}.Debug|Any CPU.ActiveCfg = Debug|Any CPU
		{590AA6C6-AE31-4426-BBEC-8E5E1D61473F}.Debug|Any CPU.Build.0 = Debug|Any CPU
		{590AA6C6-AE31-4426-BBEC-8E5E1D61473F}.Release|Any CPU.ActiveCfg = Release|Any CPU
		{590AA6C6-AE31-4426-BBEC-8E5E1D61473F}.Release|Any CPU.Build.0 = Release|Any CPU
	EndGlobalSection
	GlobalSection(SolutionProperties) = preSolution
		HideSolutionNode = FALSE
	EndGlobalSection
	GlobalSection(ExtensibilityGlobals) = postSolution
		SolutionGuid = {D26CF673-2390-4048-A84B-EB61E63BD7C1}
	EndGlobalSection
EndGlobal
