
Microsoft Visual Studio Solution File, Format Version 12.00
# Visual Studio Version 16
VisualStudioVersion = 16.0.30204.135
MinimumVisualStudioVersion = 10.0.40219.1
Project("{FAE04EC0-301F-11D3-BF4B-00C04F79EFBC}") = "Exec_4", "Exec_4\Exec_4.csproj", "{5E695314-635B-4192-BF73-A0C59955749E}"
EndProject
Global
	GlobalSection(SolutionConfigurationPlatforms) = preSolution
		Debug|Any CPU = Debug|Any CPU
		Release|Any CPU = Release|Any CPU
	EndGlobalSection
	GlobalSection(ProjectConfigurationPlatforms) = postSolution
		{5E695314-635B-4192-BF73-A0C59955749E}.Debug|Any CPU.ActiveCfg = Debug|Any CPU
		{5E695314-635B-4192-BF73-A0C59955749E}.Debug|Any CPU.Build.0 = Debug|Any CPU
		{5E695314-635B-4192-BF73-A0C59955749E}.Release|Any CPU.ActiveCfg = Release|Any CPU
		{5E695314-635B-4192-BF73-A0C59955749E}.Release|Any CPU.Build.0 = Release|Any CPU
	EndGlobalSection
	GlobalSection(SolutionProperties) = preSolution
		HideSolutionNode = FALSE
	EndGlobalSection
	GlobalSection(ExtensibilityGlobals) = postSolution
		SolutionGuid = {8BAC4E31-F223-41BE-B46F-8E29F93830DF}
	EndGlobalSection
EndGlobal
