
Microsoft Visual Studio Solution File, Format Version 12.00
# Visual Studio Version 16
VisualStudioVersion = 16.0.30204.135
MinimumVisualStudioVersion = 10.0.40219.1
Project("{FAE04EC0-301F-11D3-BF4B-00C04F79EFBC}") = "Operadores Aritiméticos", "Operadores Aritiméticos\Operadores Aritiméticos.csproj", "{DC215565-FB0A-4246-A439-B78C7EE40035}"
EndProject
Global
	GlobalSection(SolutionConfigurationPlatforms) = preSolution
		Debug|Any CPU = Debug|Any CPU
		Release|Any CPU = Release|Any CPU
	EndGlobalSection
	GlobalSection(ProjectConfigurationPlatforms) = postSolution
		{DC215565-FB0A-4246-A439-B78C7EE40035}.Debug|Any CPU.ActiveCfg = Debug|Any CPU
		{DC215565-FB0A-4246-A439-B78C7EE40035}.Debug|Any CPU.Build.0 = Debug|Any CPU
		{DC215565-FB0A-4246-A439-B78C7EE40035}.Release|Any CPU.ActiveCfg = Release|Any CPU
		{DC215565-FB0A-4246-A439-B78C7EE40035}.Release|Any CPU.Build.0 = Release|Any CPU
	EndGlobalSection
	GlobalSection(SolutionProperties) = preSolution
		HideSolutionNode = FALSE
	EndGlobalSection
	GlobalSection(ExtensibilityGlobals) = postSolution
		SolutionGuid = {F16DDFDF-4EC1-47D4-A6F8-2B156CD11402}
	EndGlobalSection
EndGlobal
