
Microsoft Visual Studio Solution File, Format Version 12.00
# Visual Studio Version 16
VisualStudioVersion = 16.0.30204.135
MinimumVisualStudioVersion = 10.0.40219.1
Project("{FAE04EC0-301F-11D3-BF4B-00C04F79EFBC}") = "Exec_2", "Exec_2\Exec_2.csproj", "{C5EA52D9-F74B-4C92-971B-E3F28158EE18}"
EndProject
Global
	GlobalSection(SolutionConfigurationPlatforms) = preSolution
		Debug|Any CPU = Debug|Any CPU
		Release|Any CPU = Release|Any CPU
	EndGlobalSection
	GlobalSection(ProjectConfigurationPlatforms) = postSolution
		{C5EA52D9-F74B-4C92-971B-E3F28158EE18}.Debug|Any CPU.ActiveCfg = Debug|Any CPU
		{C5EA52D9-F74B-4C92-971B-E3F28158EE18}.Debug|Any CPU.Build.0 = Debug|Any CPU
		{C5EA52D9-F74B-4C92-971B-E3F28158EE18}.Release|Any CPU.ActiveCfg = Release|Any CPU
		{C5EA52D9-F74B-4C92-971B-E3F28158EE18}.Release|Any CPU.Build.0 = Release|Any CPU
	EndGlobalSection
	GlobalSection(SolutionProperties) = preSolution
		HideSolutionNode = FALSE
	EndGlobalSection
	GlobalSection(ExtensibilityGlobals) = postSolution
		SolutionGuid = {502AB037-7DE3-4604-AFA8-FC4F6F89C566}
	EndGlobalSection
EndGlobal
