
Microsoft Visual Studio Solution File, Format Version 12.00
# Visual Studio Version 16
VisualStudioVersion = 16.0.31702.278
MinimumVisualStudioVersion = 10.0.40219.1
Project("{FAE04EC0-301F-11D3-BF4B-00C04F79EFBC}") = "Seção_11_Tratamento_de_Exceções3", "Seção_11_Tratamento_de_Exceções3\Seção_11_Tratamento_de_Exceções3.csproj", "{EC4DD776-74D5-4D63-BD5A-F08B54B55965}"
EndProject
Global
	GlobalSection(SolutionConfigurationPlatforms) = preSolution
		Debug|Any CPU = Debug|Any CPU
		Release|Any CPU = Release|Any CPU
	EndGlobalSection
	GlobalSection(ProjectConfigurationPlatforms) = postSolution
		{EC4DD776-74D5-4D63-BD5A-F08B54B55965}.Debug|Any CPU.ActiveCfg = Debug|Any CPU
		{EC4DD776-74D5-4D63-BD5A-F08B54B55965}.Debug|Any CPU.Build.0 = Debug|Any CPU
		{EC4DD776-74D5-4D63-BD5A-F08B54B55965}.Release|Any CPU.ActiveCfg = Release|Any CPU
		{EC4DD776-74D5-4D63-BD5A-F08B54B55965}.Release|Any CPU.Build.0 = Release|Any CPU
	EndGlobalSection
	GlobalSection(SolutionProperties) = preSolution
		HideSolutionNode = FALSE
	EndGlobalSection
	GlobalSection(ExtensibilityGlobals) = postSolution
		SolutionGuid = {91AB63FB-6E3D-4506-B33F-96C72ACECCCE}
	EndGlobalSection
EndGlobal
