
Microsoft Visual Studio Solution File, Format Version 12.00
# Visual Studio Version 16
VisualStudioVersion = 16.0.30204.135
MinimumVisualStudioVersion = 10.0.40219.1
Project("{FAE04EC0-301F-11D3-BF4B-00C04F79EFBC}") = "Exec_2", "Exec_2\Exec_2.csproj", "{AC7E9DFC-6339-4BC4-A1F7-819A22F1664E}"
EndProject
Global
	GlobalSection(SolutionConfigurationPlatforms) = preSolution
		Debug|Any CPU = Debug|Any CPU
		Release|Any CPU = Release|Any CPU
	EndGlobalSection
	GlobalSection(ProjectConfigurationPlatforms) = postSolution
		{AC7E9DFC-6339-4BC4-A1F7-819A22F1664E}.Debug|Any CPU.ActiveCfg = Debug|Any CPU
		{AC7E9DFC-6339-4BC4-A1F7-819A22F1664E}.Debug|Any CPU.Build.0 = Debug|Any CPU
		{AC7E9DFC-6339-4BC4-A1F7-819A22F1664E}.Release|Any CPU.ActiveCfg = Release|Any CPU
		{AC7E9DFC-6339-4BC4-A1F7-819A22F1664E}.Release|Any CPU.Build.0 = Release|Any CPU
	EndGlobalSection
	GlobalSection(SolutionProperties) = preSolution
		HideSolutionNode = FALSE
	EndGlobalSection
	GlobalSection(ExtensibilityGlobals) = postSolution
		SolutionGuid = {2B0EF96D-4D16-4E3C-BDB5-0386AC44BC3A}
	EndGlobalSection
EndGlobal
