
Microsoft Visual Studio Solution File, Format Version 12.00
# Visual Studio Version 16
VisualStudioVersion = 16.0.30204.135
MinimumVisualStudioVersion = 10.0.40219.1
Project("{FAE04EC0-301F-11D3-BF4B-00C04F79EFBC}") = "ExecVetores", "ExecVetores\ExecVetores.csproj", "{387AC1E0-A47A-4803-92D0-ED8FCC4CB03A}"
EndProject
Global
	GlobalSection(SolutionConfigurationPlatforms) = preSolution
		Debug|Any CPU = Debug|Any CPU
		Release|Any CPU = Release|Any CPU
	EndGlobalSection
	GlobalSection(ProjectConfigurationPlatforms) = postSolution
		{387AC1E0-A47A-4803-92D0-ED8FCC4CB03A}.Debug|Any CPU.ActiveCfg = Debug|Any CPU
		{387AC1E0-A47A-4803-92D0-ED8FCC4CB03A}.Debug|Any CPU.Build.0 = Debug|Any CPU
		{387AC1E0-A47A-4803-92D0-ED8FCC4CB03A}.Release|Any CPU.ActiveCfg = Release|Any CPU
		{387AC1E0-A47A-4803-92D0-ED8FCC4CB03A}.Release|Any CPU.Build.0 = Release|Any CPU
	EndGlobalSection
	GlobalSection(SolutionProperties) = preSolution
		HideSolutionNode = FALSE
	EndGlobalSection
	GlobalSection(ExtensibilityGlobals) = postSolution
		SolutionGuid = {C369B541-4A4F-4135-8991-A20BAC067813}
	EndGlobalSection
EndGlobal
