
Microsoft Visual Studio Solution File, Format Version 12.00
# Visual Studio Version 16
VisualStudioVersion = 16.0.30717.126
MinimumVisualStudioVersion = 10.0.40219.1
Project("{FAE04EC0-301F-11D3-BF4B-00C04F79EFBC}") = "Construtores", "Construtores\Construtores.csproj", "{C3D32CE9-0FAA-48CA-8E0A-892CDD3ED38F}"
EndProject
Global
	GlobalSection(SolutionConfigurationPlatforms) = preSolution
		Debug|Any CPU = Debug|Any CPU
		Release|Any CPU = Release|Any CPU
	EndGlobalSection
	GlobalSection(ProjectConfigurationPlatforms) = postSolution
		{C3D32CE9-0FAA-48CA-8E0A-892CDD3ED38F}.Debug|Any CPU.ActiveCfg = Debug|Any CPU
		{C3D32CE9-0FAA-48CA-8E0A-892CDD3ED38F}.Debug|Any CPU.Build.0 = Debug|Any CPU
		{C3D32CE9-0FAA-48CA-8E0A-892CDD3ED38F}.Release|Any CPU.ActiveCfg = Release|Any CPU
		{C3D32CE9-0FAA-48CA-8E0A-892CDD3ED38F}.Release|Any CPU.Build.0 = Release|Any CPU
	EndGlobalSection
	GlobalSection(SolutionProperties) = preSolution
		HideSolutionNode = FALSE
	EndGlobalSection
	GlobalSection(ExtensibilityGlobals) = postSolution
		SolutionGuid = {2D5C7A7D-46B3-4E5E-8B98-B0D0FE9BE581}
	EndGlobalSection
EndGlobal
