
Microsoft Visual Studio Solution File, Format Version 12.00
# Visual Studio Version 16
VisualStudioVersion = 16.0.30204.135
MinimumVisualStudioVersion = 10.0.40219.1
Project("{FAE04EC0-301F-11D3-BF4B-00C04F79EFBC}") = "Exec_5", "Exec_5\Exec_5.csproj", "{1615AE84-2F17-4AD1-AF5A-0B8D75BA59FF}"
EndProject
Global
	GlobalSection(SolutionConfigurationPlatforms) = preSolution
		Debug|Any CPU = Debug|Any CPU
		Release|Any CPU = Release|Any CPU
	EndGlobalSection
	GlobalSection(ProjectConfigurationPlatforms) = postSolution
		{1615AE84-2F17-4AD1-AF5A-0B8D75BA59FF}.Debug|Any CPU.ActiveCfg = Debug|Any CPU
		{1615AE84-2F17-4AD1-AF5A-0B8D75BA59FF}.Debug|Any CPU.Build.0 = Debug|Any CPU
		{1615AE84-2F17-4AD1-AF5A-0B8D75BA59FF}.Release|Any CPU.ActiveCfg = Release|Any CPU
		{1615AE84-2F17-4AD1-AF5A-0B8D75BA59FF}.Release|Any CPU.Build.0 = Release|Any CPU
	EndGlobalSection
	GlobalSection(SolutionProperties) = preSolution
		HideSolutionNode = FALSE
	EndGlobalSection
	GlobalSection(ExtensibilityGlobals) = postSolution
		SolutionGuid = {31D3586D-67A5-48F3-AC95-2938A8557131}
	EndGlobalSection
EndGlobal
