
Microsoft Visual Studio Solution File, Format Version 12.00
# Visual Studio Version 16
VisualStudioVersion = 16.0.30204.135
MinimumVisualStudioVersion = 10.0.40219.1
Project("{FAE04EC0-301F-11D3-BF4B-00C04F79EFBC}") = "Exec_1", "Exec_1\Exec_1.csproj", "{0AAA3882-E873-4AB0-ABE0-BA145EA94923}"
EndProject
Global
	GlobalSection(SolutionConfigurationPlatforms) = preSolution
		Debug|Any CPU = Debug|Any CPU
		Release|Any CPU = Release|Any CPU
	EndGlobalSection
	GlobalSection(ProjectConfigurationPlatforms) = postSolution
		{0AAA3882-E873-4AB0-ABE0-BA145EA94923}.Debug|Any CPU.ActiveCfg = Debug|Any CPU
		{0AAA3882-E873-4AB0-ABE0-BA145EA94923}.Debug|Any CPU.Build.0 = Debug|Any CPU
		{0AAA3882-E873-4AB0-ABE0-BA145EA94923}.Release|Any CPU.ActiveCfg = Release|Any CPU
		{0AAA3882-E873-4AB0-ABE0-BA145EA94923}.Release|Any CPU.Build.0 = Release|Any CPU
	EndGlobalSection
	GlobalSection(SolutionProperties) = preSolution
		HideSolutionNode = FALSE
	EndGlobalSection
	GlobalSection(ExtensibilityGlobals) = postSolution
		SolutionGuid = {235F1E5B-CC53-46C6-BD70-E0E5A0D7AB1F}
	EndGlobalSection
EndGlobal
